Microsoft Visual Studio Solution File, Format Version 12.00
# Visual Studio 2012
Project("{FAE04EC0-301F-11D3-BF4B-00C04F79EFBC}") = "BattleSchiffe", "BattleSchiffe.csproj", "{290EAFDC-CC02-442E-90C8-37DF59BDBE86}"
EndProject
Global
	GlobalSection(SolutionConfigurationPlatforms) = preSolution
	Debug|Any CPU = Debug|Any CPU
	ExportDebug|Any CPU = ExportDebug|Any CPU
	ExportRelease|Any CPU = ExportRelease|Any CPU
	EndGlobalSection
	GlobalSection(ProjectConfigurationPlatforms) = postSolution
		{290EAFDC-CC02-442E-90C8-37DF59BDBE86}.Debug|Any CPU.ActiveCfg = Debug|Any CPU
		{290EAFDC-CC02-442E-90C8-37DF59BDBE86}.Debug|Any CPU.Build.0 = Debug|Any CPU
		{290EAFDC-CC02-442E-90C8-37DF59BDBE86}.ExportDebug|Any CPU.ActiveCfg = ExportDebug|Any CPU
		{290EAFDC-CC02-442E-90C8-37DF59BDBE86}.ExportDebug|Any CPU.Build.0 = ExportDebug|Any CPU
		{290EAFDC-CC02-442E-90C8-37DF59BDBE86}.ExportRelease|Any CPU.ActiveCfg = ExportRelease|Any CPU
		{290EAFDC-CC02-442E-90C8-37DF59BDBE86}.ExportRelease|Any CPU.Build.0 = ExportRelease|Any CPU
	EndGlobalSection
EndGlobal
