Microsoft Visual Studio Solution File, Format Version 12.00
# Visual Studio 2012
Project("{FAE04EC0-301F-11D3-BF4B-00C04F79EFBC}") = "GUI_V2", "GUI_V2.csproj", "{39298C52-34F9-4ACC-A038-72B50E82C5B5}"
EndProject
Global
	GlobalSection(SolutionConfigurationPlatforms) = preSolution
	Debug|Any CPU = Debug|Any CPU
	ExportDebug|Any CPU = ExportDebug|Any CPU
	ExportRelease|Any CPU = ExportRelease|Any CPU
	EndGlobalSection
	GlobalSection(ProjectConfigurationPlatforms) = postSolution
		{39298C52-34F9-4ACC-A038-72B50E82C5B5}.Debug|Any CPU.ActiveCfg = Debug|Any CPU
		{39298C52-34F9-4ACC-A038-72B50E82C5B5}.Debug|Any CPU.Build.0 = Debug|Any CPU
		{39298C52-34F9-4ACC-A038-72B50E82C5B5}.ExportDebug|Any CPU.ActiveCfg = ExportDebug|Any CPU
		{39298C52-34F9-4ACC-A038-72B50E82C5B5}.ExportDebug|Any CPU.Build.0 = ExportDebug|Any CPU
		{39298C52-34F9-4ACC-A038-72B50E82C5B5}.ExportRelease|Any CPU.ActiveCfg = ExportRelease|Any CPU
		{39298C52-34F9-4ACC-A038-72B50E82C5B5}.ExportRelease|Any CPU.Build.0 = ExportRelease|Any CPU
	EndGlobalSection
EndGlobal
